<?xml version="1.0" encoding="utf-8"?>
<Project ToolsVersion="4.0" xmlns="http://schemas.microsoft.com/developer/msbuild/2003">
  <ItemGroup>
    <Filter Include="ソース ファイル">
      <UniqueIdentifier>{4FC737F1-C7A5-4376-A066-2A32D752A2FF}</UniqueIdentifier>
      <Extensions>cpp;c;cc;cxx;def;odl;idl;hpj;bat;asm;asmx</Extensions>
    </Filter>
    <Filter Include="ソース ファイル\work">
      <UniqueIdentifier>{8df5a063-814c-42a2-928c-59275b0197ec}</UniqueIdentifier>
    </Filter>
    <Filter Include="ソース ファイル\Scene">
      <UniqueIdentifier>{618ae65e-f2f7-4d44-a838-cadb19c1627b}</UniqueIdentifier>
    </Filter>
  </ItemGroup>
  <ItemGroup>
    <ClCompile Include="main.cpp">
      <Filter>ソース ファイル</Filter>
    </ClCompile>
    <ClCompile Include="Camera.cpp">
      <Filter>ソース ファイル</Filter>
    </ClCompile>
    <ClCompile Include="Mark.cpp">
      <Filter>ソース ファイル</Filter>
    </ClCompile>
    <ClCompile Include="Target.cpp">
      <Filter>ソース ファイル</Filter>
    </ClCompile>
    <ClCompile Include="HitChecker.cpp">
      <Filter>ソース ファイル</Filter>
    </ClCompile>
    <ClCompile Include="ObstructBase.cpp">
      <Filter>ソース ファイル</Filter>
    </ClCompile>
    <ClCompile Include="ObstructFloat.cpp">
      <Filter>ソース ファイル</Filter>
    </ClCompile>
    <ClCompile Include="ObstructManager.cpp">
      <Filter>ソース ファイル</Filter>
    </ClCompile>
    <ClCompile Include="ObstructStatic.cpp">
      <Filter>ソース ファイル</Filter>
    </ClCompile>
    <ClCompile Include="Player.cpp">
      <Filter>ソース ファイル</Filter>
    </ClCompile>
    <ClCompile Include="UI.cpp">
      <Filter>ソース ファイル</Filter>
    </ClCompile>
    <ClCompile Include="Effect.cpp">
      <Filter>ソース ファイル</Filter>
    </ClCompile>
    <ClCompile Include="TestSceneKoga.cpp">
      <Filter>ソース ファイル\work</Filter>
    </ClCompile>
    <ClCompile Include="TestSceneOno.cpp">
      <Filter>ソース ファイル\work</Filter>
    </ClCompile>
    <ClCompile Include="TestSceneUeyama.cpp">
      <Filter>ソース ファイル\work</Filter>
    </ClCompile>
    <ClCompile Include="TestScene_fujihara.cpp">
      <Filter>ソース ファイル\work</Filter>
    </ClCompile>
    <ClCompile Include="TestTitleSceneOno.cpp">
      <Filter>ソース ファイル\work</Filter>
    </ClCompile>
    <ClCompile Include="TestResultSceneUeyama.cpp">
      <Filter>ソース ファイル\work</Filter>
    </ClCompile>
    <ClCompile Include="Title.cpp">
      <Filter>ソース ファイル\work</Filter>
    </ClCompile>
    <ClCompile Include="GameScene_easy.cpp">
      <Filter>ソース ファイル\Scene</Filter>
    </ClCompile>
    <ClCompile Include="GameScene_hard.cpp">
      <Filter>ソース ファイル\Scene</Filter>
    </ClCompile>
    <ClCompile Include="GameScene_Lunatic.cpp">
      <Filter>ソース ファイル\Scene</Filter>
    </ClCompile>
    <ClCompile Include="GameScene_normal.cpp">
      <Filter>ソース ファイル\Scene</Filter>
    </ClCompile>
    <ClCompile Include="SceneBase.cpp">
      <Filter>ソース ファイル\Scene</Filter>
    </ClCompile>
    <ClCompile Include="SceneMgr.cpp">
      <Filter>ソース ファイル\Scene</Filter>
    </ClCompile>
    <ClCompile Include="TestTitleSceneUeyama.cpp">
      <Filter>ソース ファイル\Scene</Filter>
    </ClCompile>
    <ClCompile Include="Result.cpp">
      <Filter>ソース ファイル\Scene</Filter>
    </ClCompile>
  </ItemGroup>
  <ItemGroup>
    <ClInclude Include="Camera.h">
      <Filter>ソース ファイル</Filter>
    </ClInclude>
    <ClInclude Include="Mark.h">
      <Filter>ソース ファイル</Filter>
    </ClInclude>
    <ClInclude Include="Target.h">
      <Filter>ソース ファイル</Filter>
    </ClInclude>
    <ClInclude Include="Hitchecker.h">
      <Filter>ソース ファイル</Filter>
    </ClInclude>
    <ClInclude Include="ObstructBase.h">
      <Filter>ソース ファイル</Filter>
    </ClInclude>
    <ClInclude Include="ObstructFloat.h">
      <Filter>ソース ファイル</Filter>
    </ClInclude>
    <ClInclude Include="ObstructManager.h">
      <Filter>ソース ファイル</Filter>
    </ClInclude>
    <ClInclude Include="ObstructStatic.h">
      <Filter>ソース ファイル</Filter>
    </ClInclude>
    <ClInclude Include="Player.h">
      <Filter>ソース ファイル</Filter>
    </ClInclude>
    <ClInclude Include="UI.h" />
    <ClInclude Include="Effect.h">
      <Filter>ソース ファイル</Filter>
    </ClInclude>
    <ClInclude Include="TestSceneOno.h">
      <Filter>ソース ファイル\work</Filter>
    </ClInclude>
    <ClInclude Include="TestSceneUeyama.h">
      <Filter>ソース ファイル\work</Filter>
    </ClInclude>
    <ClInclude Include="TestScene_fujihara.h">
      <Filter>ソース ファイル\work</Filter>
    </ClInclude>
    <ClInclude Include="TestSceneKoga.h">
      <Filter>ソース ファイル\work</Filter>
    </ClInclude>
    <ClInclude Include="TestTitleSceneOno.h">
      <Filter>ソース ファイル\work</Filter>
    </ClInclude>
    <ClInclude Include="TestResultSceneUeyama.h">
      <Filter>ソース ファイル\work</Filter>
    </ClInclude>
    <ClInclude Include="Title.h">
      <Filter>ソース ファイル\work</Filter>
    </ClInclude>
    <ClInclude Include="GameScene_easy.h">
      <Filter>ソース ファイル\Scene</Filter>
    </ClInclude>
    <ClInclude Include="GameScene_hard.h">
      <Filter>ソース ファイル\Scene</Filter>
    </ClInclude>
    <ClInclude Include="GameScene_normal.h">
      <Filter>ソース ファイル\Scene</Filter>
    </ClInclude>
    <ClInclude Include="SceneBase.h">
      <Filter>ソース ファイル\Scene</Filter>
    </ClInclude>
    <ClInclude Include="SceneMgr.h">
      <Filter>ソース ファイル\Scene</Filter>
    </ClInclude>
    <ClInclude Include="TestTitleSceneUeyama.h">
      <Filter>ソース ファイル\Scene</Filter>
    </ClInclude>
    <ClInclude Include="Result.h">
      <Filter>ソース ファイル\Scene</Filter>
    </ClInclude>
    <ClInclude Include="GameScene_Lunatic.h">
      <Filter>ソース ファイル\Scene</Filter>
    </ClInclude>
  </ItemGroup>
</Project>